<?xml version="1.0" encoding="utf-8"?>
<Project ToolsVersion="4.0" xmlns="http://schemas.microsoft.com/developer/msbuild/2003">
  <ItemGroup>
    <Filter Include="Source Files">
      <UniqueIdentifier>{4FC737F1-C7A5-4376-A066-2A32D752A2FF}</UniqueIdentifier>
      <Extensions>cpp;c;cc;cxx;c++;cppm;ixx;def;odl;idl;hpj;bat;asm;asmx</Extensions>
    </Filter>
    <Filter Include="Header Files">
      <UniqueIdentifier>{93995380-89BD-4b04-88EB-625FBE52EBFB}</UniqueIdentifier>
      <Extensions>h;hh;hpp;hxx;h++;hm;inl;inc;ipp;xsd</Extensions>
    </Filter>
    <Filter Include="Resource Files">
      <UniqueIdentifier>{67DA6AB6-F800-4c08-8B7A-83BB121AAD01}</UniqueIdentifier>
      <Extensions>rc;ico;cur;bmp;dlg;rc2;rct;bin;rgs;gif;jpg;jpeg;jpe;resx;tiff;tif;png;wav;mfcribbon-ms</Extensions>
    </Filter>
  </ItemGroup>
  <ItemGroup>
    <ClCompile Include="App\Main.cpp">
      <Filter>Source Files</Filter>
    </ClCompile>
    <ClCompile Include="App\App.cpp">
      <Filter>Source Files</Filter>
    </ClCompile>
    <ClCompile Include="Gui\Gui.cpp">
      <Filter>Source Files</Filter>
    </ClCompile>
    <ClCompile Include="Gui\ViewportPanel.cpp">
      <Filter>Source Files</Filter>
    </ClCompile>
    <ClCompile Include="Gui\EntitiesPanel.cpp">
      <Filter>Source Files</Filter>
    </ClCompile>
    <ClCompile Include="Gui\FilesystemPanel.cpp">
      <Filter>Source Files</Filter>
    </ClCompile>
    <ClCompile Include="Gui\ComponentPanel.cpp">
      <Filter>Source Files</Filter>
    </ClCompile>
    <ClCompile Include="Render\OpenGL\ProgramGL.cpp">
      <Filter>Source Files</Filter>
    </ClCompile>
    <ClCompile Include="Render\OpenGL\ShaderGL.cpp">
      <Filter>Source Files</Filter>
    </ClCompile>
    <ClCompile Include="Logger\Logger.cpp">
      <Filter>Source Files</Filter>
    </ClCompile>
    <ClCompile Include="Render\OpenGL\BufferGL.cpp">
      <Filter>Source Files</Filter>
    </ClCompile>
    <ClCompile Include="Render\OpenGL\ShaderStorageBufferGL.cpp">
      <Filter>Source Files</Filter>
    </ClCompile>
    <ClCompile Include="Render\OpenGL\UniformBufferGL.cpp">
      <Filter>Source Files</Filter>
    </ClCompile>
    <ClCompile Include="Render\OpenGL\VertexArrayGL.cpp">
      <Filter>Source Files</Filter>
    </ClCompile>
    <ClCompile Include="Render\OpenGL\Vertex.cpp">
      <Filter>Source Files</Filter>
    </ClCompile>
    <ClCompile Include="Render\Renderer.cpp">
      <Filter>Source Files</Filter>
    </ClCompile>
    <ClCompile Include="Render\OpenGL\Camera.cpp">
      <Filter>Source Files</Filter>
    </ClCompile>
    <ClCompile Include="Render\OpenGL\FramebufferGL.cpp">
      <Filter>Source Files</Filter>
    </ClCompile>
    <ClCompile Include="Render\OpenGL\TextureGL.cpp">
      <Filter>Source Files</Filter>
    </ClCompile>
    <ClCompile Include="Render\OpenGL\Stb.cpp">
      <Filter>Source Files</Filter>
    </ClCompile>
    <ClCompile Include="Registry\System\MaterialSystem.cpp">
      <Filter>Source Files</Filter>
    </ClCompile>
    <ClCompile Include="Registry\System\TransformSystem.cpp">
      <Filter>Source Files</Filter>
    </ClCompile>
    <ClCompile Include="Registry\System\DirlightSystem.cpp">
      <Filter>Source Files</Filter>
    </ClCompile>
    <ClCompile Include="Geometry\Geometry.cpp">
      <Filter>Source Files</Filter>
    </ClCompile>
    <ClCompile Include="Geometry\Cube.cpp">
      <Filter>Source Files</Filter>
    </ClCompile>
    <ClCompile Include="Geometry\Sphere.cpp">
      <Filter>Source Files</Filter>
    </ClCompile>
    <ClCompile Include="Registry\System\PointLightSystem.cpp">
      <Filter>Source Files</Filter>
    </ClCompile>
    <ClCompile Include="Render\ShadowRenderer.cpp">
      <Filter>Source Files</Filter>
    </ClCompile>
    <ClCompile Include="Render\DeferredRenderer.cpp">
      <Filter>Source Files</Filter>
    </ClCompile>
<<<<<<< HEAD
    <ClCompile Include="Render\GeometryRenderer.cpp">
=======
    <ClCompile Include="Render\ForwardRenderer.cpp">
>>>>>>> dbe3498e9abeb8bac9c1ae1897a84e9f682ab8a8
      <Filter>Source Files</Filter>
    </ClCompile>
    <ClCompile Include="Render\BillboardRenderer.cpp">
      <Filter>Source Files</Filter>
    </ClCompile>
    <ClCompile Include="Render\WireframeRenderer.cpp">
      <Filter>Source Files</Filter>
    </ClCompile>
    <ClCompile Include="Geometry\Cylinder.cpp">
      <Filter>Source Files</Filter>
    </ClCompile>
    <ClCompile Include="Geometry\Pyramid.cpp">
      <Filter>Source Files</Filter>
    </ClCompile>
    <ClCompile Include="Geometry\Torus.cpp">
      <Filter>Source Files</Filter>
    </ClCompile>
    <ClCompile Include="Manager\ResourceManager.cpp">
      <Filter>Source Files</Filter>
    </ClCompile>
<<<<<<< HEAD
=======
    <ClCompile Include="Manager\AssetManager.cpp">
      <Filter>Source Files</Filter>
    </ClCompile>
>>>>>>> dbe3498e9abeb8bac9c1ae1897a84e9f682ab8a8
    <ClCompile Include="Registry\System\SpotLightSystem.cpp">
      <Filter>Source Files</Filter>
    </ClCompile>
    <ClCompile Include="Geometry\Cone.cpp">
      <Filter>Source Files</Filter>
    </ClCompile>
    <ClCompile Include="Collision\CollisionTester.cpp">
      <Filter>Source Files</Filter>
    </ClCompile>
    <ClCompile Include="Render\BloomRenderer.cpp">
      <Filter>Source Files</Filter>
    </ClCompile>
<<<<<<< HEAD
    <ClCompile Include="Collision\CollisionResponder.cpp">
=======
    <ClCompile Include="Collision\CollisionResolver.cpp">
>>>>>>> dbe3498e9abeb8bac9c1ae1897a84e9f682ab8a8
      <Filter>Source Files</Filter>
    </ClCompile>
    <ClCompile Include="Registry\System\DefaultColliderSystem.cpp">
      <Filter>Source Files</Filter>
    </ClCompile>
    <ClCompile Include="Registry\System\SphereColliderSystem.cpp">
      <Filter>Source Files</Filter>
    </ClCompile>
    <ClCompile Include="Registry\System\MeshColliderSystem.cpp">
      <Filter>Source Files</Filter>
    </ClCompile>
    <ClCompile Include="Gui\FileDialogWindows.cpp">
      <Filter>Source Files</Filter>
    </ClCompile>
    <ClCompile Include="Gui\SettingsPanel.cpp">
      <Filter>Source Files</Filter>
    </ClCompile>
    <ClCompile Include="Registry\System\FrustumCullingSystem.cpp">
      <Filter>Source Files</Filter>
    </ClCompile>
    <ClCompile Include="Model\Model.cpp">
      <Filter>Source Files</Filter>
    </ClCompile>
    <ClCompile Include="Registry\System\InstanceSystem.cpp">
      <Filter>Source Files</Filter>
    </ClCompile>
    <ClCompile Include="Collision\Bvh.cpp">
      <Filter>Source Files</Filter>
    </ClCompile>
    <ClCompile Include="Registry\System\BvhSystem.cpp">
      <Filter>Source Files</Filter>
    </ClCompile>
    <ClCompile Include="Registry\System\CollisionSystem.cpp">
      <Filter>Source Files</Filter>
    </ClCompile>
    <ClCompile Include="Collision\BvhStatic.cpp">
      <Filter>Source Files</Filter>
    </ClCompile>
    <ClCompile Include="Scene\Scene.cpp">
      <Filter>Source Files</Filter>
    </ClCompile>
<<<<<<< HEAD
    <ClCompile Include="Registry\System\CollisionResponseSystem.cpp">
      <Filter>Source Files</Filter>
    </ClCompile>
    <ClCompile Include="Manager\SoundManager.cpp">
      <Filter>Source Files</Filter>
    </ClCompile>
    <ClCompile Include="Manager\TextureManager.cpp">
      <Filter>Source Files</Filter>
    </ClCompile>
    <ClCompile Include="Manager\ModelManager.cpp">
      <Filter>Source Files</Filter>
    </ClCompile>
    <ClCompile Include="Collision\AABB.cpp">
      <Filter>Source Files</Filter>
    </ClCompile>
    <ClCompile Include="Render\SkyboxRenderer.cpp">
      <Filter>Source Files</Filter>
    </ClCompile>
    <ClCompile Include="Registry\System\PhysicsSystem.cpp">
      <Filter>Source Files</Filter>
    </ClCompile>
=======
>>>>>>> dbe3498e9abeb8bac9c1ae1897a84e9f682ab8a8
  </ItemGroup>
  <ItemGroup>
    <ClInclude Include="Registry\Entity.h">
      <Filter>Header Files</Filter>
    </ClInclude>
    <ClInclude Include="Registry\Pool.h">
      <Filter>Header Files</Filter>
    </ClInclude>
    <ClInclude Include="Registry\Registry.h">
      <Filter>Header Files</Filter>
    </ClInclude>
    <ClInclude Include="Registry\Unique.h">
      <Filter>Header Files</Filter>
    </ClInclude>
    <ClInclude Include="App\App.h">
      <Filter>Header Files</Filter>
    </ClInclude>
    <ClInclude Include="Registry\Component\Component.h">
      <Filter>Header Files</Filter>
    </ClInclude>
    <ClInclude Include="Registry\Component\TransformComponent.h">
      <Filter>Header Files</Filter>
    </ClInclude>
    <ClInclude Include="Gui\Gui.h">
      <Filter>Header Files</Filter>
    </ClInclude>
    <ClInclude Include="Gui\ViewportPanel.h">
      <Filter>Header Files</Filter>
    </ClInclude>
    <ClInclude Include="Gui\EntitiesPanel.h">
      <Filter>Header Files</Filter>
    </ClInclude>
    <ClInclude Include="Gui\FilesystemPanel.h">
      <Filter>Header Files</Filter>
    </ClInclude>
    <ClInclude Include="Gui\ComponentPanel.h">
      <Filter>Header Files</Filter>
    </ClInclude>
    <ClInclude Include="Render\OpenGL\ProgramGL.h">
      <Filter>Header Files</Filter>
    </ClInclude>
    <ClInclude Include="Render\OpenGL\ShaderGL.h">
      <Filter>Header Files</Filter>
    </ClInclude>
    <ClInclude Include="Logger\Logger.h">
      <Filter>Header Files</Filter>
    </ClInclude>
    <ClInclude Include="Registry\Component\MaterialComponent.h">
      <Filter>Header Files</Filter>
    </ClInclude>
    <ClInclude Include="Render\OpenGL\BufferGL.h">
      <Filter>Header Files</Filter>
    </ClInclude>
    <ClInclude Include="Render\OpenGL\ShaderStorageBufferGL.h">
      <Filter>Header Files</Filter>
    </ClInclude>
    <ClInclude Include="Render\OpenGL\UniformBufferGL.h">
      <Filter>Header Files</Filter>
    </ClInclude>
    <ClInclude Include="Render\OpenGL\VertexArrayGL.h">
      <Filter>Header Files</Filter>
    </ClInclude>
    <ClInclude Include="Render\OpenGL\Vertex.h">
      <Filter>Header Files</Filter>
    </ClInclude>
    <ClInclude Include="Registry\System\System.h">
      <Filter>Header Files</Filter>
    </ClInclude>
    <ClInclude Include="Render\Renderer.h">
      <Filter>Header Files</Filter>
    </ClInclude>
    <ClInclude Include="Render\OpenGL\Camera.h">
      <Filter>Header Files</Filter>
    </ClInclude>
    <ClInclude Include="Render\OpenGL\FramebufferGL.h">
      <Filter>Header Files</Filter>
    </ClInclude>
    <ClInclude Include="Render\OpenGL\TextureGL.h">
      <Filter>Header Files</Filter>
    </ClInclude>
    <ClInclude Include="Registry\System\MaterialSystem.h">
      <Filter>Header Files</Filter>
    </ClInclude>
    <ClInclude Include="Registry\System\TransformSystem.h">
      <Filter>Header Files</Filter>
    </ClInclude>
    <ClInclude Include="Registry\Component\DirlightComponent.h">
      <Filter>Header Files</Filter>
    </ClInclude>
    <ClInclude Include="Registry\System\DirlightSystem.h">
      <Filter>Header Files</Filter>
    </ClInclude>
    <ClInclude Include="Registry\Component\PointlightComponent.h">
      <Filter>Header Files</Filter>
    </ClInclude>
    <ClInclude Include="Geometry\Geometry.h">
      <Filter>Header Files</Filter>
    </ClInclude>
    <ClInclude Include="Geometry\Cube.h">
      <Filter>Header Files</Filter>
    </ClInclude>
    <ClInclude Include="Geometry\Sphere.h">
      <Filter>Header Files</Filter>
    </ClInclude>
    <ClInclude Include="Registry\System\PointLightSystem.h">
      <Filter>Header Files</Filter>
    </ClInclude>
    <ClInclude Include="Registry\Component\ShapeComponent.h">
      <Filter>Header Files</Filter>
    </ClInclude>
    <ClInclude Include="Render\ShadowRenderer.h">
      <Filter>Header Files</Filter>
    </ClInclude>
    <ClInclude Include="Render\DeferredRenderer.h">
      <Filter>Header Files</Filter>
    </ClInclude>
<<<<<<< HEAD
    <ClInclude Include="Render\GeometryRenderer.h">
=======
    <ClInclude Include="Render\ForwardRenderer.h">
>>>>>>> dbe3498e9abeb8bac9c1ae1897a84e9f682ab8a8
      <Filter>Header Files</Filter>
    </ClInclude>
    <ClInclude Include="Render\BillboardRenderer.h">
      <Filter>Header Files</Filter>
    </ClInclude>
    <ClInclude Include="Render\WireframeRenderer.h">
      <Filter>Header Files</Filter>
    </ClInclude>
    <ClInclude Include="Geometry\Cylinder.h">
      <Filter>Header Files</Filter>
    </ClInclude>
    <ClInclude Include="Geometry\Pyramid.h">
      <Filter>Header Files</Filter>
    </ClInclude>
    <ClInclude Include="Geometry\Torus.h">
      <Filter>Header Files</Filter>
    </ClInclude>
    <ClInclude Include="Manager\ResourceManager.h">
      <Filter>Header Files</Filter>
    </ClInclude>
<<<<<<< HEAD
=======
    <ClInclude Include="Manager\AssetManager.h">
      <Filter>Header Files</Filter>
    </ClInclude>
>>>>>>> dbe3498e9abeb8bac9c1ae1897a84e9f682ab8a8
    <ClInclude Include="Registry\Component\SpotLightComponent.h">
      <Filter>Header Files</Filter>
    </ClInclude>
    <ClInclude Include="Registry\System\SpotLightSystem.h">
      <Filter>Header Files</Filter>
    </ClInclude>
    <ClInclude Include="Geometry\Cone.h">
      <Filter>Header Files</Filter>
    </ClInclude>
    <ClInclude Include="Registry\Component\DefaultCollider.h">
      <Filter>Header Files</Filter>
    </ClInclude>
    <ClInclude Include="Collision\CollisionTester.h">
      <Filter>Header Files</Filter>
    </ClInclude>
    <ClInclude Include="Render\BloomRenderer.h">
      <Filter>Header Files</Filter>
    </ClInclude>
<<<<<<< HEAD
    <ClInclude Include="Collision\CollisionResponder.h">
=======
    <ClInclude Include="Collision\CollisionResolver.h">
>>>>>>> dbe3498e9abeb8bac9c1ae1897a84e9f682ab8a8
      <Filter>Header Files</Filter>
    </ClInclude>
    <ClInclude Include="Collision\Collider.h">
      <Filter>Header Files</Filter>
    </ClInclude>
    <ClInclude Include="Registry\System\DefaultColliderSystem.h">
      <Filter>Header Files</Filter>
    </ClInclude>
    <ClInclude Include="Registry\Component\SphereCollider.h">
      <Filter>Header Files</Filter>
    </ClInclude>
    <ClInclude Include="Registry\System\SphereColliderSystem.h">
      <Filter>Header Files</Filter>
    </ClInclude>
    <ClInclude Include="Collision\Simplex.h">
      <Filter>Header Files</Filter>
    </ClInclude>
    <ClInclude Include="Registry\Component\MeshCollider.h">
      <Filter>Header Files</Filter>
    </ClInclude>
    <ClInclude Include="Registry\System\MeshColliderSystem.h">
      <Filter>Header Files</Filter>
    </ClInclude>
    <ClInclude Include="Gui\FileDialogWindows.h">
      <Filter>Header Files</Filter>
    </ClInclude>
    <ClInclude Include="Gui\SettingsPanel.h">
      <Filter>Header Files</Filter>
    </ClInclude>
    <ClInclude Include="Registry\System\FrustumCullingSystem.h">
      <Filter>Header Files</Filter>
    </ClInclude>
    <ClInclude Include="Model\Model.h">
      <Filter>Header Files</Filter>
    </ClInclude>
    <ClInclude Include="Registry\System\InstanceSystem.h">
      <Filter>Header Files</Filter>
    </ClInclude>
    <ClInclude Include="Collision\Bvh.h">
      <Filter>Header Files</Filter>
    </ClInclude>
    <ClInclude Include="Registry\System\BvhSystem.h">
      <Filter>Header Files</Filter>
    </ClInclude>
    <ClInclude Include="Registry\System\CollisionSystem.h">
      <Filter>Header Files</Filter>
    </ClInclude>
    <ClInclude Include="Collision\BvhStatic.h">
      <Filter>Header Files</Filter>
    </ClInclude>
    <ClInclude Include="Scene\Scene.h">
      <Filter>Header Files</Filter>
    </ClInclude>
<<<<<<< HEAD
    <ClInclude Include="Registry\System\CollisionResponseSystem.h">
      <Filter>Header Files</Filter>
    </ClInclude>
    <ClInclude Include="Manager\SoundManager.h">
      <Filter>Header Files</Filter>
    </ClInclude>
    <ClInclude Include="Manager\TextureManager.h">
      <Filter>Header Files</Filter>
    </ClInclude>
    <ClInclude Include="Manager\ModelManager.h">
      <Filter>Header Files</Filter>
    </ClInclude>
    <ClInclude Include="Model\AssimpConverter.h">
      <Filter>Header Files</Filter>
    </ClInclude>
    <ClInclude Include="Registry\Component\ModelComponent.h">
      <Filter>Header Files</Filter>
    </ClInclude>
    <ClInclude Include="Collision\AABB.h">
      <Filter>Header Files</Filter>
    </ClInclude>
    <ClInclude Include="Registry\Component\Components.h">
      <Filter>Header Files</Filter>
    </ClInclude>
    <ClInclude Include="Registry\System\Systems.h">
      <Filter>Header Files</Filter>
    </ClInclude>
    <ClInclude Include="Manager\Managers.h">
      <Filter>Header Files</Filter>
    </ClInclude>
    <ClInclude Include="Render\SkyboxRenderer.h">
      <Filter>Header Files</Filter>
    </ClInclude>
    <ClInclude Include="Registry\Component\RigidbodyComponent.h">
      <Filter>Header Files</Filter>
    </ClInclude>
    <ClInclude Include="Registry\System\PhysicsSystem.h">
      <Filter>Header Files</Filter>
    </ClInclude>
    <ClInclude Include="Gui\IconsFontAwesome5.h">
      <Filter>Header Files</Filter>
    </ClInclude>
    <ClInclude Include="Registry\Component\TagComponent.h">
      <Filter>Header Files</Filter>
    </ClInclude>
=======
>>>>>>> dbe3498e9abeb8bac9c1ae1897a84e9f682ab8a8
  </ItemGroup>
  <ItemGroup>
    <None Include="Render\OpenGL\ProgramGL.inl">
      <Filter>Header Files</Filter>
    </None>
    <None Include="Render\Shader\DeferredPre.vert" />
    <None Include="Render\Shader\DeferredPre.frag" />
    <None Include="Render\Shader\DeferredPreInstance.vert" />
    <None Include="Render\Shader\DeferredPreInstance.frag" />
    <None Include="Render\Shader\DeferredDir.vert" />
    <None Include="Render\Shader\DeferredDir.frag" />
    <None Include="Render\Shader\ShadowDir.vert" />
    <None Include="Render\Shader\ShadowDir.frag" />
    <None Include="Render\Shader\ShadowDir.geom" />
    <None Include="Render\Shader\ShadowDirInstance.vert" />
    <None Include="Render\Shader\ShadowDirInstance.frag" />
    <None Include="Render\Shader\ShadowDirInstance.geom" />
    <None Include="Render\Shader\DeferredPoint.vert" />
    <None Include="Render\Shader\DeferredPoint.frag" />
    <None Include="Render\Shader\ShadowPoint.vert" />
    <None Include="Render\Shader\ShadowPoint.geom" />
    <None Include="Render\Shader\ShadowPoint.frag" />
    <None Include="Render\Shader\Skybox.vert" />
    <None Include="Render\Shader\Skybox.frag" />
    <None Include="Render\Shader\DeferredStencil.vert" />
    <None Include="Render\Shader\DeferredStencil.frag" />
    <None Include="Render\Shader\Billboard.vert" />
    <None Include="Render\Shader\Billboard.frag" />
    <None Include="Render\Shader\Billboard.geom" />
    <None Include="Render\Shader\DeferredSpot.vert" />
    <None Include="Render\Shader\DeferredSpot.frag" />
    <None Include="Render\Shader\Wireframe.vert" />
    <None Include="Render\Shader\Wireframe.frag" />
    <None Include="Render\Shader\BloomUp.vert" />
    <None Include="Render\Shader\BloomUp.frag" />
    <None Include="Render\Shader\BloomDown.vert" />
    <None Include="Render\Shader\BloomDown.frag" />
    <None Include="Render\Shader\Bloom.vert" />
    <None Include="Render\Shader\Bloom.frag" />
<<<<<<< HEAD
    <None Include="Render\Shader\DeferredPreModel.vert" />
    <None Include="Render\Shader\DeferredPreModel.frag" />
    <None Include="Render\Shader\DeferredPreModelInstance.vert" />
    <None Include="Render\Shader\DeferredPreModelInstance.frag" />
=======
>>>>>>> dbe3498e9abeb8bac9c1ae1897a84e9f682ab8a8
  </ItemGroup>
</Project>