<?xml version="1.0" encoding="utf-8"?>
<Project ToolsVersion="4.0" xmlns="http://schemas.microsoft.com/developer/msbuild/2003">
  <ItemGroup>
    <Filter Include="Source Files">
      <UniqueIdentifier>{4FC737F1-C7A5-4376-A066-2A32D752A2FF}</UniqueIdentifier>
      <Extensions>cpp;c;cc;cxx;c++;cppm;ixx;def;odl;idl;hpj;bat;asm;asmx</Extensions>
    </Filter>
    <Filter Include="Header Files">
      <UniqueIdentifier>{93995380-89BD-4b04-88EB-625FBE52EBFB}</UniqueIdentifier>
      <Extensions>h;hh;hpp;hxx;h++;hm;inl;inc;ipp;xsd</Extensions>
    </Filter>
    <Filter Include="Resource Files">
      <UniqueIdentifier>{67DA6AB6-F800-4c08-8B7A-83BB121AAD01}</UniqueIdentifier>
      <Extensions>rc;ico;cur;bmp;dlg;rc2;rct;bin;rgs;gif;jpg;jpeg;jpe;resx;tiff;tif;png;wav;mfcribbon-ms</Extensions>
    </Filter>
  </ItemGroup>
  <ItemGroup>
    <ClCompile Include="Collision\AABB.cpp">
      <Filter>Source Files</Filter>
    </ClCompile>
    <ClCompile Include="Collision\CollisionTester.cpp">
      <Filter>Source Files</Filter>
    </ClCompile>
    <ClCompile Include="Render\Geometry\Cone.cpp">
      <Filter>Source Files</Filter>
    </ClCompile>
    <ClCompile Include="Render\Geometry\Cube.cpp">
      <Filter>Source Files</Filter>
    </ClCompile>
    <ClCompile Include="Render\Geometry\Cylinder.cpp">
      <Filter>Source Files</Filter>
    </ClCompile>
    <ClCompile Include="Render\Geometry\Geometry.cpp">
      <Filter>Source Files</Filter>
    </ClCompile>
    <ClCompile Include="Render\Geometry\Pyramid.cpp">
      <Filter>Source Files</Filter>
    </ClCompile>
    <ClCompile Include="Render\Geometry\Sphere.cpp">
      <Filter>Source Files</Filter>
    </ClCompile>
    <ClCompile Include="Render\Geometry\Torus.cpp">
      <Filter>Source Files</Filter>
    </ClCompile>
    <ClCompile Include="Logger\Logger.cpp">
      <Filter>Source Files</Filter>
    </ClCompile>
    <ClCompile Include="Manager\ModelManager.cpp">
      <Filter>Source Files</Filter>
    </ClCompile>
    <ClCompile Include="Manager\ResourceManager.cpp">
      <Filter>Source Files</Filter>
    </ClCompile>
    <ClCompile Include="Manager\SoundManager.cpp">
      <Filter>Source Files</Filter>
    </ClCompile>
    <ClCompile Include="Manager\TextureManager.cpp">
      <Filter>Source Files</Filter>
    </ClCompile>
    <ClCompile Include="Model\Model.cpp">
      <Filter>Source Files</Filter>
    </ClCompile>
    <ClCompile Include="Registry\System\Physics\DefaultColliderSystem.cpp">
      <Filter>Source Files</Filter>
    </ClCompile>
    <ClCompile Include="Registry\System\Light\DirlightSystem.cpp">
      <Filter>Source Files</Filter>
    </ClCompile>
    <ClCompile Include="Registry\System\FrustumCullingSystem.cpp">
      <Filter>Source Files</Filter>
    </ClCompile>
    <ClCompile Include="Registry\System\InstanceSystem.cpp">
      <Filter>Source Files</Filter>
    </ClCompile>
    <ClCompile Include="Registry\System\Object\MaterialSystem.cpp">
      <Filter>Source Files</Filter>
    </ClCompile>
    <ClCompile Include="Registry\System\Light\PointLightSystem.cpp">
      <Filter>Source Files</Filter>
    </ClCompile>
    <ClCompile Include="Registry\System\ShadowCullingSystem.cpp">
      <Filter>Source Files</Filter>
    </ClCompile>
    <ClCompile Include="Registry\System\Light\SpotLightSystem.cpp">
      <Filter>Source Files</Filter>
    </ClCompile>
    <ClCompile Include="Registry\System\TransformSystem.cpp">
      <Filter>Source Files</Filter>
    </ClCompile>
    <ClCompile Include="Scene\Scene.cpp">
      <Filter>Source Files</Filter>
    </ClCompile>
    <ClCompile Include="Render\OpenGL\BufferGL.cpp">
      <Filter>Source Files</Filter>
    </ClCompile>
    <ClCompile Include="Render\OpenGL\FramebufferGL.cpp">
      <Filter>Source Files</Filter>
    </ClCompile>
    <ClCompile Include="Render\OpenGL\ProgramGL.cpp">
      <Filter>Source Files</Filter>
    </ClCompile>
    <ClCompile Include="Render\OpenGL\ShaderGL.cpp">
      <Filter>Source Files</Filter>
    </ClCompile>
    <ClCompile Include="Render\OpenGL\ShaderStorageBufferGL.cpp">
      <Filter>Source Files</Filter>
    </ClCompile>
    <ClCompile Include="Render\OpenGL\Stb.cpp">
      <Filter>Source Files</Filter>
    </ClCompile>
    <ClCompile Include="Render\OpenGL\TextureGL.cpp">
      <Filter>Source Files</Filter>
    </ClCompile>
    <ClCompile Include="Render\OpenGL\UniformBufferGL.cpp">
      <Filter>Source Files</Filter>
    </ClCompile>
    <ClCompile Include="Render\OpenGL\Vertex.cpp">
      <Filter>Source Files</Filter>
    </ClCompile>
    <ClCompile Include="Render\OpenGL\VertexArrayGL.cpp">
      <Filter>Source Files</Filter>
    </ClCompile>
    <ClCompile Include="Render\BillboardRenderer.cpp">
      <Filter>Source Files</Filter>
    </ClCompile>
    <ClCompile Include="Render\BloomRenderer.cpp">
      <Filter>Source Files</Filter>
    </ClCompile>
    <ClCompile Include="Render\DeferredRenderer.cpp">
      <Filter>Source Files</Filter>
    </ClCompile>
    <ClCompile Include="Render\GeometryRenderer.cpp">
      <Filter>Source Files</Filter>
    </ClCompile>
    <ClCompile Include="Render\Renderer.cpp">
      <Filter>Source Files</Filter>
    </ClCompile>
    <ClCompile Include="Render\ShadowRenderer.cpp">
      <Filter>Source Files</Filter>
    </ClCompile>
    <ClCompile Include="Render\SkyboxRenderer.cpp">
      <Filter>Source Files</Filter>
    </ClCompile>
    <ClCompile Include="Render\WireframeRenderer.cpp">
      <Filter>Source Files</Filter>
    </ClCompile>
    <ClCompile Include="Registry\System\ScriptSystem.cpp">
      <Filter>Source Files</Filter>
    </ClCompile>
    <ClCompile Include="Animation\Animation.cpp">
      <Filter>Source Files</Filter>
    </ClCompile>
    <ClCompile Include="Registry\Registry.cpp">
      <Filter>Source Files</Filter>
    </ClCompile>
    <ClCompile Include="Registry\Component\Physics\DefaultCollider.cpp">
      <Filter>Source Files</Filter>
    </ClCompile>
    <ClCompile Include="Collision\Simplex.cpp">
      <Filter>Source Files</Filter>
    </ClCompile>
    <ClCompile Include="Registry\Unique.cpp">
      <Filter>Source Files</Filter>
    </ClCompile>
    <ClCompile Include="Animation\Bone.cpp">
      <Filter>Source Files</Filter>
    </ClCompile>
    <ClCompile Include="Registry\System\Object\AnimationSystem.cpp">
      <Filter>Source Files</Filter>
    </ClCompile>
    <ClCompile Include="Registry\System\TagSystem.cpp">
      <Filter>Source Files</Filter>
    </ClCompile>
    <ClCompile Include="Registry\System\Object\ModelSystem.cpp">
      <Filter>Source Files</Filter>
    </ClCompile>
    <ClCompile Include="Registry\System\Object\ShapeSystem.cpp">
      <Filter>Source Files</Filter>
    </ClCompile>
    <ClCompile Include="Settings\GlobalSettings.cpp">
      <Filter>Source Files</Filter>
    </ClCompile>
    <ClCompile Include="Registry\System\AudioSystem.cpp">
      <Filter>Source Files</Filter>
    </ClCompile>
    <ClCompile Include="Registry\System\WaterSystem.cpp">
      <Filter>Source Files</Filter>
    </ClCompile>
    <ClCompile Include="Render\WaterRenderer.cpp">
      <Filter>Source Files</Filter>
    </ClCompile>
    <ClCompile Include="Manager\PreviewManager.cpp">
      <Filter>Source Files</Filter>
    </ClCompile>
    <ClCompile Include="Render\PreviewRenderer.cpp">
      <Filter>Source Files</Filter>
    </ClCompile>
    <ClCompile Include="Registry\System\Physics\MeshColliderSystem.cpp">
      <Filter>Source Files</Filter>
    </ClCompile>
    <ClCompile Include="Registry\System\Physics\SphereColliderSystem.cpp">
      <Filter>Source Files</Filter>
    </ClCompile>
    <ClCompile Include="Registry\System\Physics\BoxColliderSystem.cpp">
      <Filter>Source Files</Filter>
    </ClCompile>
    <ClCompile Include="Registry\System\Physics\ConvexColliderSystem.cpp">
      <Filter>Source Files</Filter>
    </ClCompile>
    <ClCompile Include="Registry\System\Physics\RigidbodyStaticSystem.cpp">
      <Filter>Source Files</Filter>
    </ClCompile>
    <ClCompile Include="Registry\System\Physics\RigidbodyDynamicSystem.cpp">
      <Filter>Source Files</Filter>
    </ClCompile>
    <ClCompile Include="Registry\System\Physics\PhysicsSystem.cpp">
      <Filter>Source Files</Filter>
    </ClCompile>
    <ClCompile Include="Collision\SphereColliderGjk.cpp">
      <Filter>Source Files</Filter>
    </ClCompile>
    <ClCompile Include="Collision\ConvexColliderGjk.cpp">
      <Filter>Source Files</Filter>
    </ClCompile>
    <ClCompile Include="Manager\InputManager.cpp">
      <Filter>Source Files</Filter>
    </ClCompile>
    <ClCompile Include="Registry\System\CameraSystem.cpp">
      <Filter>Source Files</Filter>
    </ClCompile>
    <ClCompile Include="Registry\Component\CameraComponent.cpp">
      <Filter>Source Files</Filter>
    </ClCompile>
  </ItemGroup>
  <ItemGroup>
    <ClInclude Include="Collision\AABB.h">
      <Filter>Header Files</Filter>
    </ClInclude>
    <ClInclude Include="Collision\Collider.h">
      <Filter>Header Files</Filter>
    </ClInclude>
    <ClInclude Include="Collision\CollisionTester.h">
      <Filter>Header Files</Filter>
    </ClInclude>
    <ClInclude Include="Collision\Simplex.h">
      <Filter>Header Files</Filter>
    </ClInclude>
    <ClInclude Include="Render\Geometry\Cone.h">
      <Filter>Header Files</Filter>
    </ClInclude>
    <ClInclude Include="Render\Geometry\Cube.h">
      <Filter>Header Files</Filter>
    </ClInclude>
    <ClInclude Include="Render\Geometry\Cylinder.h">
      <Filter>Header Files</Filter>
    </ClInclude>
    <ClInclude Include="Render\Geometry\Geometry.h">
      <Filter>Header Files</Filter>
    </ClInclude>
    <ClInclude Include="Render\Geometry\Pyramid.h">
      <Filter>Header Files</Filter>
    </ClInclude>
    <ClInclude Include="Render\Geometry\Sphere.h">
      <Filter>Header Files</Filter>
    </ClInclude>
    <ClInclude Include="Render\Geometry\Torus.h">
      <Filter>Header Files</Filter>
    </ClInclude>
    <ClInclude Include="Logger\Logger.h">
      <Filter>Header Files</Filter>
    </ClInclude>
    <ClInclude Include="Manager\Managers.h">
      <Filter>Header Files</Filter>
    </ClInclude>
    <ClInclude Include="Manager\ModelManager.h">
      <Filter>Header Files</Filter>
    </ClInclude>
    <ClInclude Include="Manager\ResourceManager.h">
      <Filter>Header Files</Filter>
    </ClInclude>
    <ClInclude Include="Manager\SoundManager.h">
      <Filter>Header Files</Filter>
    </ClInclude>
    <ClInclude Include="Manager\TextureManager.h">
      <Filter>Header Files</Filter>
    </ClInclude>
    <ClInclude Include="Model\AssimpConverter.h">
      <Filter>Header Files</Filter>
    </ClInclude>
    <ClInclude Include="Model\Model.h">
      <Filter>Header Files</Filter>
    </ClInclude>
    <ClInclude Include="Registry\Component\Components.h">
      <Filter>Header Files</Filter>
    </ClInclude>
    <ClInclude Include="Registry\Component\Physics\DefaultCollider.h">
      <Filter>Header Files</Filter>
    </ClInclude>
    <ClInclude Include="Registry\Component\Light\DirlightComponent.h">
      <Filter>Header Files</Filter>
    </ClInclude>
    <ClInclude Include="Registry\Component\Object\MaterialComponent.h">
      <Filter>Header Files</Filter>
    </ClInclude>
    <ClInclude Include="Registry\Component\Object\ModelComponent.h">
      <Filter>Header Files</Filter>
    </ClInclude>
    <ClInclude Include="Registry\Component\Light\PointlightComponent.h">
      <Filter>Header Files</Filter>
    </ClInclude>
    <ClInclude Include="Registry\Component\Object\ShapeComponent.h">
      <Filter>Header Files</Filter>
    </ClInclude>
    <ClInclude Include="Registry\Component\Light\SpotLightComponent.h">
      <Filter>Header Files</Filter>
    </ClInclude>
    <ClInclude Include="Registry\Component\TagComponent.h">
      <Filter>Header Files</Filter>
    </ClInclude>
    <ClInclude Include="Registry\Component\TransformComponent.h">
      <Filter>Header Files</Filter>
    </ClInclude>
    <ClInclude Include="Registry\System\Physics\DefaultColliderSystem.h">
      <Filter>Header Files</Filter>
    </ClInclude>
    <ClInclude Include="Registry\System\Light\DirlightSystem.h">
      <Filter>Header Files</Filter>
    </ClInclude>
    <ClInclude Include="Registry\System\FrustumCullingSystem.h">
      <Filter>Header Files</Filter>
    </ClInclude>
    <ClInclude Include="Registry\System\InstanceSystem.h">
      <Filter>Header Files</Filter>
    </ClInclude>
    <ClInclude Include="Registry\System\Object\MaterialSystem.h">
      <Filter>Header Files</Filter>
    </ClInclude>
    <ClInclude Include="Registry\System\Light\PointLightSystem.h">
      <Filter>Header Files</Filter>
    </ClInclude>
    <ClInclude Include="Registry\System\ShadowCullingSystem.h">
      <Filter>Header Files</Filter>
    </ClInclude>
    <ClInclude Include="Registry\System\Light\SpotLightSystem.h">
      <Filter>Header Files</Filter>
    </ClInclude>
    <ClInclude Include="Registry\System\System.h">
      <Filter>Header Files</Filter>
    </ClInclude>
    <ClInclude Include="Registry\System\Systems.h">
      <Filter>Header Files</Filter>
    </ClInclude>
    <ClInclude Include="Registry\System\TransformSystem.h">
      <Filter>Header Files</Filter>
    </ClInclude>
    <ClInclude Include="Registry\Entity.h">
      <Filter>Header Files</Filter>
    </ClInclude>
    <ClInclude Include="Registry\Pool.h">
      <Filter>Header Files</Filter>
    </ClInclude>
    <ClInclude Include="Registry\Registry.h">
      <Filter>Header Files</Filter>
    </ClInclude>
    <ClInclude Include="Registry\Unique.h">
      <Filter>Header Files</Filter>
    </ClInclude>
    <ClInclude Include="Scene\Scene.h">
      <Filter>Header Files</Filter>
    </ClInclude>
    <ClInclude Include="Render\OpenGL\BufferGL.h">
      <Filter>Header Files</Filter>
    </ClInclude>
    <ClInclude Include="Render\OpenGL\FramebufferGL.h">
      <Filter>Header Files</Filter>
    </ClInclude>
    <ClInclude Include="Render\OpenGL\ProgramGL.h">
      <Filter>Header Files</Filter>
    </ClInclude>
    <ClInclude Include="Render\OpenGL\ShaderGL.h">
      <Filter>Header Files</Filter>
    </ClInclude>
    <ClInclude Include="Render\OpenGL\ShaderStorageBufferGL.h">
      <Filter>Header Files</Filter>
    </ClInclude>
    <ClInclude Include="Render\OpenGL\TextureGL.h">
      <Filter>Header Files</Filter>
    </ClInclude>
    <ClInclude Include="Render\OpenGL\UniformBufferGL.h">
      <Filter>Header Files</Filter>
    </ClInclude>
    <ClInclude Include="Render\OpenGL\Vertex.h">
      <Filter>Header Files</Filter>
    </ClInclude>
    <ClInclude Include="Render\OpenGL\VertexArrayGL.h">
      <Filter>Header Files</Filter>
    </ClInclude>
    <ClInclude Include="Render\BillboardRenderer.h">
      <Filter>Header Files</Filter>
    </ClInclude>
    <ClInclude Include="Render\BloomRenderer.h">
      <Filter>Header Files</Filter>
    </ClInclude>
    <ClInclude Include="Render\DeferredRenderer.h">
      <Filter>Header Files</Filter>
    </ClInclude>
    <ClInclude Include="Render\GeometryRenderer.h">
      <Filter>Header Files</Filter>
    </ClInclude>
    <ClInclude Include="Render\Renderer.h">
      <Filter>Header Files</Filter>
    </ClInclude>
    <ClInclude Include="Render\ShadowRenderer.h">
      <Filter>Header Files</Filter>
    </ClInclude>
    <ClInclude Include="Render\SkyboxRenderer.h">
      <Filter>Header Files</Filter>
    </ClInclude>
    <ClInclude Include="Render\WireframeRenderer.h">
      <Filter>Header Files</Filter>
    </ClInclude>
    <ClInclude Include="Registry\Component\ScriptComponent.h">
      <Filter>Header Files</Filter>
    </ClInclude>
    <ClInclude Include="Registry\System\ScriptSystem.h">
      <Filter>Header Files</Filter>
    </ClInclude>
    <ClInclude Include="EngineApi.h">
      <Filter>Header Files</Filter>
    </ClInclude>
    <ClInclude Include="Animation\Animation.h">
      <Filter>Header Files</Filter>
    </ClInclude>
    <ClInclude Include="Animation\Bone.h">
      <Filter>Header Files</Filter>
    </ClInclude>
    <ClInclude Include="Registry\Component\Object\AnimationComponent.h">
      <Filter>Header Files</Filter>
    </ClInclude>
    <ClInclude Include="Registry\System\Object\AnimationSystem.h">
      <Filter>Header Files</Filter>
    </ClInclude>
    <ClInclude Include="Registry\System\TagSystem.h">
      <Filter>Header Files</Filter>
    </ClInclude>
    <ClInclude Include="Registry\System\Object\ModelSystem.h">
      <Filter>Header Files</Filter>
    </ClInclude>
    <ClInclude Include="Registry\System\Object\ShapeSystem.h">
      <Filter>Header Files</Filter>
    </ClInclude>
    <ClInclude Include="Settings\GlobalSettings.h">
      <Filter>Header Files</Filter>
    </ClInclude>
    <ClInclude Include="Registry\Component\AudioComponent.h">
      <Filter>Header Files</Filter>
    </ClInclude>
    <ClInclude Include="Registry\System\AudioSystem.h">
      <Filter>Header Files</Filter>
    </ClInclude>
    <ClInclude Include="Registry\Component\WaterComponent.h">
      <Filter>Header Files</Filter>
    </ClInclude>
    <ClInclude Include="Registry\System\WaterSystem.h">
      <Filter>Header Files</Filter>
    </ClInclude>
    <ClInclude Include="Render\WaterRenderer.h">
      <Filter>Header Files</Filter>
    </ClInclude>
    <ClInclude Include="Manager\PreviewManager.h">
      <Filter>Header Files</Filter>
    </ClInclude>
    <ClInclude Include="Render\PreviewRenderer.h">
      <Filter>Header Files</Filter>
    </ClInclude>
    <ClInclude Include="Registry\Component\Physics\MeshColliderComponent.h">
      <Filter>Header Files</Filter>
    </ClInclude>
    <ClInclude Include="Registry\Component\Physics\RigidbodyDynamicComponent.h">
      <Filter>Header Files</Filter>
    </ClInclude>
    <ClInclude Include="Registry\Component\Physics\SphereColliderComponent.h">
      <Filter>Header Files</Filter>
    </ClInclude>
    <ClInclude Include="Registry\System\Physics\MeshColliderSystem.h">
      <Filter>Header Files</Filter>
    </ClInclude>
    <ClInclude Include="Registry\System\Physics\SphereColliderSystem.h">
      <Filter>Header Files</Filter>
    </ClInclude>
    <ClInclude Include="Registry\Component\Physics\BoxColliderComponent.h">
      <Filter>Header Files</Filter>
    </ClInclude>
    <ClInclude Include="Registry\Component\Physics\ConvexColliderComponent.h">
      <Filter>Header Files</Filter>
    </ClInclude>
    <ClInclude Include="Registry\Component\Physics\RigidbodyStaticComponent.h">
      <Filter>Header Files</Filter>
    </ClInclude>
    <ClInclude Include="Registry\System\Physics\BoxColliderSystem.h">
      <Filter>Header Files</Filter>
    </ClInclude>
    <ClInclude Include="Registry\System\Physics\ConvexColliderSystem.h">
      <Filter>Header Files</Filter>
    </ClInclude>
    <ClInclude Include="Registry\System\Physics\RigidbodyStaticSystem.h">
      <Filter>Header Files</Filter>
    </ClInclude>
    <ClInclude Include="Registry\System\Physics\RigidbodyDynamicSystem.h">
      <Filter>Header Files</Filter>
    </ClInclude>
    <ClInclude Include="Registry\System\Physics\PhysicsSystem.h">
      <Filter>Header Files</Filter>
    </ClInclude>
    <ClInclude Include="Collision\SphereColliderGjk.h">
      <Filter>Header Files</Filter>
    </ClInclude>
    <ClInclude Include="Collision\ConvexColliderGjk.h">
      <Filter>Header Files</Filter>
    </ClInclude>
    <ClInclude Include="Manager\InputManager.h">
      <Filter>Header Files</Filter>
    </ClInclude>
    <ClInclude Include="Registry\Component\CameraComponent.h">
      <Filter>Header Files</Filter>
    </ClInclude>
    <ClInclude Include="Registry\System\CameraSystem.h">
      <Filter>Header Files</Filter>
    </ClInclude>
    <ClInclude Include="Registry\Component\Script.h">
      <Filter>Header Files</Filter>
    </ClInclude>
  </ItemGroup>
  <ItemGroup>
    <None Include="Render\OpenGL\ProgramGL.inl">
      <Filter>Header Files</Filter>
    </None>
    <None Include="Render\Shader\Billboard.frag" />
    <None Include="Render\Shader\Billboard.geom" />
    <None Include="Render\Shader\Billboard.vert" />
    <None Include="Render\Shader\Bloom.frag" />
    <None Include="Render\Shader\Bloom.vert" />
    <None Include="Render\Shader\BloomDown.frag" />
    <None Include="Render\Shader\BloomDown.vert" />
    <None Include="Render\Shader\BloomUp.frag" />
    <None Include="Render\Shader\BloomUp.vert" />
    <None Include="Render\Shader\DeferredDir.frag" />
    <None Include="Render\Shader\DeferredDir.vert" />
    <None Include="Render\Shader\DeferredPoint.frag" />
    <None Include="Render\Shader\DeferredPoint.vert" />
    <None Include="Render\Shader\DeferredSpot.frag" />
    <None Include="Render\Shader\DeferredSpot.vert" />
    <None Include="Render\Shader\DeferredStencil.frag" />
    <None Include="Render\Shader\DeferredStencil.vert" />
    <None Include="Render\Shader\ShadowDir.frag" />
    <None Include="Render\Shader\ShadowDir.geom" />
    <None Include="Render\Shader\ShadowDir.vert" />
    <None Include="Render\Shader\ShadowPoint.frag" />
    <None Include="Render\Shader\ShadowPoint.geom" />
    <None Include="Render\Shader\ShadowPoint.vert" />
    <None Include="Render\Shader\ShadowSpot.frag" />
    <None Include="Render\Shader\ShadowSpot.vert" />
    <None Include="Render\Shader\Skybox.frag" />
    <None Include="Render\Shader\Skybox.vert" />
    <None Include="Render\Shader\Test.frag" />
    <None Include="Render\Shader\Test.vert" />
    <None Include="Render\Shader\Wireframe.frag" />
    <None Include="Render\Shader\Wireframe.vert" />
    <None Include="Render\Shader\ModelAnimation.vert" />
    <None Include="Render\Shader\ModelAnimation.frag" />
    <None Include="Render\Shader\WaterPre.vert" />
    <None Include="Render\Shader\WaterPre.frag" />
    <None Include="Render\Shader\Water.vert" />
    <None Include="Render\Shader\Water.frag" />
    <None Include="Render\Shader\DeferredPre.vert" />
    <None Include="Render\Shader\DeferredPre.frag" />
    <None Include="Render\Shader\Preview.vert" />
    <None Include="Render\Shader\Preview.frag" />
    <None Include="Render\Shader\DirLightLine.vert" />
    <None Include="Render\Shader\DirLightLine.frag" />
    <None Include="Render\Shader\PreviewAnimation.vert" />
    <None Include="Render\Shader\PreviewAnimation.frag" />
    <None Include="Render\Shader\PreviewBg.vert" />
    <None Include="Render\Shader\PreviewBg.frag" />
    <None Include="Render\Shader\DeferredAmbient.vert" />
    <None Include="Render\Shader\DeferredAmbient.frag" />
  </ItemGroup>
</Project>